// !$*UTF8*$!
{
	archiveVersion = 1;
	classes = {
	};
	objectVersion = 77;
	objects = {

/* Begin PBXContainerItemProxy section */
		57AC4F3C2D736CD4000E8475 /* PBXContainerItemProxy */ = {
			isa = PBXContainerItemProxy;
			containerPortal = 57AC4F1A2D736CD1000E8475 /* Project object */;
			proxyType = 1;
			remoteGlobalIDString = 57AC4F212D736CD1000E8475;
			remoteInfo = "Tiny Pilots";
		};
		57AC4F462D736CD4000E8475 /* PBXContainerItemProxy */ = {
			isa = PBXContainerItemProxy;
			containerPortal = 57AC4F1A2D736CD1000E8475 /* Project object */;
			proxyType = 1;
			remoteGlobalIDString = 57AC4F212D736CD1000E8475;
			remoteInfo = "Tiny Pilots";
		};
/* End PBXContainerItemProxy section */

/* Begin PBXFileReference section */
		57AC4F222D736CD1000E8475 /* Tiny Pilots.app */ = {isa = PBXFileReference; explicitFileType = wrapper.application; includeInIndex = 0; path = "Tiny Pilots.app"; sourceTree = BUILT_PRODUCTS_DIR; };
		57AC4F3B2D736CD4000E8475 /* Tiny PilotsTests.xctest */ = {isa = PBXFileReference; explicitFileType = wrapper.cfbundle; includeInIndex = 0; path = "Tiny PilotsTests.xctest"; sourceTree = BUILT_PRODUCTS_DIR; };
		57AC4F452D736CD4000E8475 /* Tiny PilotsUITests.xctest */ = {isa = PBXFileReference; explicitFileType = wrapper.cfbundle; includeInIndex = 0; path = "Tiny PilotsUITests.xctest"; sourceTree = BUILT_PRODUCTS_DIR; };
/* End PBXFileReference section */

/* Begin PBXFileSystemSynchronizedRootGroup section */
		57AC4F242D736CD1000E8475 /* Tiny Pilots */ = {
			isa = PBXFileSystemSynchronizedRootGroup;
			path = "Tiny Pilots";
			sourceTree = "<group>";
		};
		57AC4F3E2D736CD4000E8475 /* Tiny PilotsTests */ = {
			isa = PBXFileSystemSynchronizedRootGroup;
			path = "Tiny PilotsTests";
			sourceTree = "<group>";
		};
		57AC4F482D736CD4000E8475 /* Tiny PilotsUITests */ = {
			isa = PBXFileSystemSynchronizedRootGroup;
			path = "Tiny PilotsUITests";
			sourceTree = "<group>";
		};
/* End PBXFileSystemSynchronizedRootGroup section */

/* Begin PBXFrameworksBuildPhase section */
		57AC4F1F2D736CD1000E8475 /* Frameworks */ = {
			isa = PBXFrameworksBuildPhase;
			buildActionMask = 2147483647;
			files = (
			);
			runOnlyForDeploymentPostprocessing = 0;
		};
		57AC4F382D736CD4000E8475 /* Frameworks */ = {
			isa = PBXFrameworksBuildPhase;
			buildActionMask = 2147483647;
			files = (
			);
			runOnlyForDeploymentPostprocessing = 0;
		};
		57AC4F422D736CD4000E8475 /* Frameworks */ = {
			isa = PBXFrameworksBuildPhase;
			buildActionMask = 2147483647;
			files = (
			);
			runOnlyForDeploymentPostprocessing = 0;
		};
/* End PBXFrameworksBuildPhase section */

/* Begin PBXGroup section */
		57AC4F192D736CD1000E8475 = {
			isa = PBXGroup;
			children = (
				57AC4F242D736CD1000E8475 /* Tiny Pilots */,
				57AC4F3E2D736CD4000E8475 /* Tiny PilotsTests */,
				57AC4F482D736CD4000E8475 /* Tiny PilotsUITests */,
				57AC4F232D736CD1000E8475 /* Products */,
			);
			sourceTree = "<group>";
		};
		57AC4F232D736CD1000E8475 /* Products */ = {
			isa = PBXGroup;
			children = (
				57AC4F222D736CD1000E8475 /* Tiny Pilots.app */,
				57AC4F3B2D736CD4000E8475 /* Tiny PilotsTests.xctest */,
				57AC4F452D736CD4000E8475 /* Tiny PilotsUITests.xctest */,
			);
			name = Products;
			sourceTree = "<group>";
		};
/* End PBXGroup section */

/* Begin PBXNativeTarget section */
		57AC4F212D736CD1000E8475 /* Tiny Pilots */ = {
			isa = PBXNativeTarget;
			buildConfigurationList = 57AC4F4F2D736CD4000E8475 /* Build configuration list for PBXNativeTarget "Tiny Pilots" */;
			buildPhases = (
				57AC4F1E2D736CD1000E8475 /* Sources */,
				57AC4F1F2D736CD1000E8475 /* Frameworks */,
				57AC4F202D736CD1000E8475 /* Resources */,
			);
			buildRules = (
			);
			dependencies = (
			);
			fileSystemSynchronizedGroups = (
				57AC4F242D736CD1000E8475 /* Tiny Pilots */,
			);
			name = "Tiny Pilots";
			packageProductDependencies = (
			);
			productName = "Tiny Pilots";
			productReference = 57AC4F222D736CD1000E8475 /* Tiny Pilots.app */;
			productType = "com.apple.product-type.application";
		};
		57AC4F3A2D736CD4000E8475 /* Tiny PilotsTests */ = {
			isa = PBXNativeTarget;
			buildConfigurationList = 57AC4F522D736CD4000E8475 /* Build configuration list for PBXNativeTarget "Tiny PilotsTests" */;
			buildPhases = (
				57AC4F372D736CD4000E8475 /* Sources */,
				57AC4F382D736CD4000E8475 /* Frameworks */,
				57AC4F392D736CD4000E8475 /* Resources */,
			);
			buildRules = (
			);
			dependencies = (
				57AC4F3D2D736CD4000E8475 /* PBXTargetDependency */,
			);
			fileSystemSynchronizedGroups = (
				57AC4F3E2D736CD4000E8475 /* Tiny PilotsTests */,
			);
			name = "Tiny PilotsTests";
			packageProductDependencies = (
			);
			productName = "Tiny PilotsTests";
			productReference = 57AC4F3B2D736CD4000E8475 /* Tiny PilotsTests.xctest */;
			productType = "com.apple.product-type.bundle.unit-test";
		};
		57AC4F442D736CD4000E8475 /* Tiny PilotsUITests */ = {
			isa = PBXNativeTarget;
			buildConfigurationList = 57AC4F552D736CD4000E8475 /* Build configuration list for PBXNativeTarget "Tiny PilotsUITests" */;
			buildPhases = (
				57AC4F412D736CD4000E8475 /* Sources */,
				57AC4F422D736CD4000E8475 /* Frameworks */,
				57AC4F432D736CD4000E8475 /* Resources */,
			);
			buildRules = (
			);
			dependencies = (
				57AC4F472D736CD4000E8475 /* PBXTargetDependency */,
			);
			fileSystemSynchronizedGroups = (
				57AC4F482D736CD4000E8475 /* Tiny PilotsUITests */,
			);
			name = "Tiny PilotsUITests";
			packageProductDependencies = (
			);
			productName = "Tiny PilotsUITests";
			productReference = 57AC4F452D736CD4000E8475 /* Tiny PilotsUITests.xctest */;
			productType = "com.apple.product-type.bundle.ui-testing";
		};
/* End PBXNativeTarget section */

/* Begin PBXProject section */
		57AC4F1A2D736CD1000E8475 /* Project object */ = {
			isa = PBXProject;
			attributes = {
				BuildIndependentTargetsInParallel = 1;
				LastSwiftUpdateCheck = 1620;
				LastUpgradeCheck = 1620;
				TargetAttributes = {
					57AC4F212D736CD1000E8475 = {
						CreatedOnToolsVersion = 16.2;
					};
					57AC4F3A2D736CD4000E8475 = {
						CreatedOnToolsVersion = 16.2;
						TestTargetID = 57AC4F212D736CD1000E8475;
					};
					57AC4F442D736CD4000E8475 = {
						CreatedOnToolsVersion = 16.2;
						TestTargetID = 57AC4F212D736CD1000E8475;
					};
				};
			};
			buildConfigurationList = 57AC4F1D2D736CD1000E8475 /* Build configuration list for PBXProject "Tiny Pilots" */;
			developmentRegion = en;
			hasScannedForEncodings = 0;
			knownRegions = (
				en,
				Base,
			);
			mainGroup = 57AC4F192D736CD1000E8475;
			minimizedProjectReferenceProxies = 1;
			preferredProjectObjectVersion = 77;
			productRefGroup = 57AC4F232D736CD1000E8475 /* Products */;
			projectDirPath = "";
			projectRoot = "";
			targets = (
				57AC4F212D736CD1000E8475 /* Tiny Pilots */,
				57AC4F3A2D736CD4000E8475 /* Tiny PilotsTests */,
				57AC4F442D736CD4000E8475 /* Tiny PilotsUITests */,
			);
		};
/* End PBXProject section */

/* Begin PBXResourcesBuildPhase section */
		57AC4F202D736CD1000E8475 /* Resources */ = {
			isa = PBXResourcesBuildPhase;
			buildActionMask = 2147483647;
			files = (
			);
			runOnlyForDeploymentPostprocessing = 0;
		};
		57AC4F392D736CD4000E8475 /* Resources */ = {
			isa = PBXResourcesBuildPhase;
			buildActionMask = 2147483647;
			files = (
			);
			runOnlyForDeploymentPostprocessing = 0;
		};
		57AC4F432D736CD4000E8475 /* Resources */ = {
			isa = PBXResourcesBuildPhase;
			buildActionMask = 2147483647;
			files = (
			);
			runOnlyForDeploymentPostprocessing = 0;
		};
/* End PBXResourcesBuildPhase section */

/* Begin PBXSourcesBuildPhase section */
		57AC4F1E2D736CD1000E8475 /* Sources */ = {
			isa = PBXSourcesBuildPhase;
			buildActionMask = 2147483647;
			files = (
			);
			runOnlyForDeploymentPostprocessing = 0;
		};
		57AC4F372D736CD4000E8475 /* Sources */ = {
			isa = PBXSourcesBuildPhase;
			buildActionMask = 2147483647;
			files = (
			);
			runOnlyForDeploymentPostprocessing = 0;
		};
		57AC4F412D736CD4000E8475 /* Sources */ = {
			isa = PBXSourcesBuildPhase;
			buildActionMask = 2147483647;
			files = (
			);
			runOnlyForDeploymentPostprocessing = 0;
		};
/* End PBXSourcesBuildPhase section */

/* Begin PBXTargetDependency section */
		57AC4F3D2D736CD4000E8475 /* PBXTargetDependency */ = {
			isa = PBXTargetDependency;
			target = 57AC4F212D736CD1000E8475 /* Tiny Pilots */;
			targetProxy = 57AC4F3C2D736CD4000E8475 /* PBXContainerItemProxy */;
		};
		57AC4F472D736CD4000E8475 /* PBXTargetDependency */ = {
			isa = PBXTargetDependency;
			target = 57AC4F212D736CD1000E8475 /* Tiny Pilots */;
			targetProxy = 57AC4F462D736CD4000E8475 /* PBXContainerItemProxy */;
		};
/* End PBXTargetDependency section */

/* Begin XCBuildConfiguration section */
		57AC4F4D2D736CD4000E8475 /* Debug */ = {
			isa = XCBuildConfiguration;
			buildSettings = {
				ALWAYS_SEARCH_USER_PATHS = NO;
				ASSETCATALOG_COMPILER_GENERATE_SWIFT_ASSET_SYMBOL_EXTENSIONS = YES;
				CLANG_ANALYZER_NONNULL = YES;
				CLANG_ANALYZER_NUMBER_OBJECT_CONVERSION = YES_AGGRESSIVE;
				CLANG_CXX_LANGUAGE_STANDARD = "gnu++20";
				CLANG_ENABLE_MODULES = YES;
				CLANG_ENABLE_OBJC_ARC = YES;
				CLANG_ENABLE_OBJC_WEAK = YES;
				CLANG_WARN_BLOCK_CAPTURE_AUTORELEASING = YES;
				CLANG_WARN_BOOL_CONVERSION = YES;
				CLANG_WARN_COMMA = YES;
				CLANG_WARN_CONSTANT_CONVERSION = YES;
				CLANG_WARN_DEPRECATED_OBJC_IMPLEMENTATIONS = YES;
				CLANG_WARN_DIRECT_OBJC_ISA_USAGE = YES_ERROR;
				CLANG_WARN_DOCUMENTATION_COMMENTS = YES;
				CLANG_WARN_EMPTY_BODY = YES;
				CLANG_WARN_ENUM_CONVERSION = YES;
				CLANG_WARN_INFINITE_RECURSION = YES;
				CLANG_WARN_INT_CONVERSION = YES;
				CLANG_WARN_NON_LITERAL_NULL_CONVERSION = YES;
				CLANG_WARN_OBJC_IMPLICIT_RETAIN_SELF = YES;
				CLANG_WARN_OBJC_LITERAL_CONVERSION = YES;
				CLANG_WARN_OBJC_ROOT_CLASS = YES_ERROR;
				CLANG_WARN_QUOTED_INCLUDE_IN_FRAMEWORK_HEADER = YES;
				CLANG_WARN_RANGE_LOOP_ANALYSIS = YES;
				CLANG_WARN_STRICT_PROTOTYPES = YES;
				CLANG_WARN_SUSPICIOUS_MOVE = YES;
				CLANG_WARN_UNGUARDED_AVAILABILITY = YES_AGGRESSIVE;
				CLANG_WARN_UNREACHABLE_CODE = YES;
				CLANG_WARN__DUPLICATE_METHOD_MATCH = YES;
				COPY_PHASE_STRIP = NO;
				DEBUG_INFORMATION_FORMAT = dwarf;
				ENABLE_STRICT_OBJC_MSGSEND = YES;
				ENABLE_TESTABILITY = YES;
				ENABLE_USER_SCRIPT_SANDBOXING = YES;
				GCC_C_LANGUAGE_STANDARD = gnu17;
				GCC_DYNAMIC_NO_PIC = NO;
				GCC_NO_COMMON_BLOCKS = YES;
				GCC_OPTIMIZATION_LEVEL = 0;
				GCC_PREPROCESSOR_DEFINITIONS = (
					"DEBUG=1",
					"$(inherited)",
				);
				GCC_WARN_64_TO_32_BIT_CONVERSION = YES;
				GCC_WARN_ABOUT_RETURN_TYPE = YES_ERROR;
				GCC_WARN_UNDECLARED_SELECTOR = YES;
				GCC_WARN_UNINITIALIZED_AUTOS = YES_AGGRESSIVE;
				GCC_WARN_UNUSED_FUNCTION = YES;
				GCC_WARN_UNUSED_VARIABLE = YES;
				IPHONEOS_DEPLOYMENT_TARGET = 18.2;
				LOCALIZATION_PREFERS_STRING_CATALOGS = YES;
				MTL_ENABLE_DEBUG_INFO = INCLUDE_SOURCE;
				MTL_FAST_MATH = YES;
				ONLY_ACTIVE_ARCH = YES;
				SDKROOT = iphoneos;
				SWIFT_ACTIVE_COMPILATION_CONDITIONS = "DEBUG $(inherited)";
				SWIFT_OPTIMIZATION_LEVEL = "-Onone";
			};
			name = Debug;
		};
		57AC4F4E2D736CD4000E8475 /* Release */ = {
			isa = XCBuildConfiguration;
			buildSettings = {
				ALWAYS_SEARCH_USER_PATHS = NO;
				ASSETCATALOG_COMPILER_GENERATE_SWIFT_ASSET_SYMBOL_EXTENSIONS = YES;
				CLANG_ANALYZER_NONNULL = YES;
				CLANG_ANALYZER_NUMBER_OBJECT_CONVERSION = YES_AGGRESSIVE;
				CLANG_CXX_LANGUAGE_STANDARD = "gnu++20";
				CLANG_ENABLE_MODULES = YES;
				CLANG_ENABLE_OBJC_ARC = YES;
				CLANG_ENABLE_OBJC_WEAK = YES;
				CLANG_WARN_BLOCK_CAPTURE_AUTORELEASING = YES;
				CLANG_WARN_BOOL_CONVERSION = YES;
				CLANG_WARN_COMMA = YES;
				CLANG_WARN_CONSTANT_CONVERSION = YES;
				CLANG_WARN_DEPRECATED_OBJC_IMPLEMENTATIONS = YES;
				CLANG_WARN_DIRECT_OBJC_ISA_USAGE = YES_ERROR;
				CLANG_WARN_DOCUMENTATION_COMMENTS = YES;
				CLANG_WARN_EMPTY_BODY = YES;
				CLANG_WARN_ENUM_CONVERSION = YES;
				CLANG_WARN_INFINITE_RECURSION = YES;
				CLANG_WARN_INT_CONVERSION = YES;
				CLANG_WARN_NON_LITERAL_NULL_CONVERSION = YES;
				CLANG_WARN_OBJC_IMPLICIT_RETAIN_SELF = YES;
				CLANG_WARN_OBJC_LITERAL_CONVERSION = YES;
				CLANG_WARN_OBJC_ROOT_CLASS = YES_ERROR;
				CLANG_WARN_QUOTED_INCLUDE_IN_FRAMEWORK_HEADER = YES;
				CLANG_WARN_RANGE_LOOP_ANALYSIS = YES;
				CLANG_WARN_STRICT_PROTOTYPES = YES;
				CLANG_WARN_SUSPICIOUS_MOVE = YES;
				CLANG_WARN_UNGUARDED_AVAILABILITY = YES_AGGRESSIVE;
				CLANG_WARN_UNREACHABLE_CODE = YES;
				CLANG_WARN__DUPLICATE_METHOD_MATCH = YES;
				COPY_PHASE_STRIP = NO;
				DEBUG_INFORMATION_FORMAT = "dwarf-with-dsym";
				ENABLE_NS_ASSERTIONS = NO;
				ENABLE_STRICT_OBJC_MSGSEND = YES;
				ENABLE_USER_SCRIPT_SANDBOXING = YES;
				GCC_C_LANGUAGE_STANDARD = gnu17;
				GCC_NO_COMMON_BLOCKS = YES;
				GCC_WARN_64_TO_32_BIT_CONVERSION = YES;
				GCC_WARN_ABOUT_RETURN_TYPE = YES_ERROR;
				GCC_WARN_UNDECLARED_SELECTOR = YES;
				GCC_WARN_UNINITIALIZED_AUTOS = YES_AGGRESSIVE;
				GCC_WARN_UNUSED_FUNCTION = YES;
				GCC_WARN_UNUSED_VARIABLE = YES;
				IPHONEOS_DEPLOYMENT_TARGET = 18.2;
				LOCALIZATION_PREFERS_STRING_CATALOGS = YES;
				MTL_ENABLE_DEBUG_INFO = NO;
				MTL_FAST_MATH = YES;
				SDKROOT = iphoneos;
				SWIFT_COMPILATION_MODE = wholemodule;
				VALIDATE_PRODUCT = YES;
			};
			name = Release;
		};
		57AC4F502D736CD4000E8475 /* Debug */ = {
			isa = XCBuildConfiguration;
			buildSettings = {
				ASSETCATALOG_COMPILER_APPICON_NAME = AppIcon;
				ASSETCATALOG_COMPILER_GLOBAL_ACCENT_COLOR_NAME = AccentColor;
				CODE_SIGN_STYLE = Automatic;
				CURRENT_PROJECT_VERSION = 1;
				DEVELOPMENT_TEAM = G2DQSPD97B;
				GENERATE_INFOPLIST_FILE = YES;
				INFOPLIST_KEY_UIApplicationSupportsIndirectInputEvents = YES;
				INFOPLIST_KEY_UILaunchStoryboardName = LaunchScreen;
				INFOPLIST_KEY_UIMainStoryboardFile = Main;
				INFOPLIST_KEY_UIRequiresFullScreen = YES;
				INFOPLIST_KEY_UIStatusBarHidden = YES;
				INFOPLIST_KEY_UISupportedInterfaceOrientations = "UIInterfaceOrientationLandscapeLeft UIInterfaceOrientationLandscapeRight UIInterfaceOrientationPortraitUpsideDown";
				LD_RUNPATH_SEARCH_PATHS = (
					"$(inherited)",
					"@executable_path/Frameworks",
				);
				MARKETING_VERSION = 1.0;
				PRODUCT_BUNDLE_IDENTIFIER = "GrinSolve.Tiny-Pilots";
				PRODUCT_NAME = "$(TARGET_NAME)";
				SWIFT_EMIT_LOC_STRINGS = YES;
				SWIFT_VERSION = 5.0;
				TARGETED_DEVICE_FAMILY = "1,2";
			};
			name = Debug;
		};
		57AC4F512D736CD4000E8475 /* Release */ = {
			isa = XCBuildConfiguration;
			buildSettings = {
				ASSETCATALOG_COMPILER_APPICON_NAME = AppIcon;
				ASSETCATALOG_COMPILER_GLOBAL_ACCENT_COLOR_NAME = AccentColor;
				CODE_SIGN_STYLE = Automatic;
				CURRENT_PROJECT_VERSION = 1;
				DEVELOPMENT_TEAM = G2DQSPD97B;
				GENERATE_INFOPLIST_FILE = YES;
				INFOPLIST_KEY_UIApplicationSupportsIndirectInputEvents = YES;
				INFOPLIST_KEY_UILaunchStoryboardName = LaunchScreen;
				INFOPLIST_KEY_UIMainStoryboardFile = Main;
				INFOPLIST_KEY_UIRequiresFullScreen = YES;
				INFOPLIST_KEY_UIStatusBarHidden = YES;
				INFOPLIST_KEY_UISupportedInterfaceOrientations = "UIInterfaceOrientationLandscapeLeft UIInterfaceOrientationLandscapeRight UIInterfaceOrientationPortraitUpsideDown";
				LD_RUNPATH_SEARCH_PATHS = (
					"$(inherited)",
					"@executable_path/Frameworks",
				);
				MARKETING_VERSION = 1.0;
				PRODUCT_BUNDLE_IDENTIFIER = "GrinSolve.Tiny-Pilots";
				PRODUCT_NAME = "$(TARGET_NAME)";
				SWIFT_EMIT_LOC_STRINGS = YES;
				SWIFT_VERSION = 5.0;
				TARGETED_DEVICE_FAMILY = "1,2";
			};
			name = Release;
		};
		57AC4F532D736CD4000E8475 /* Debug */ = {
			isa = XCBuildConfiguration;
			buildSettings = {
				BUNDLE_LOADER = "$(TEST_HOST)";
				CODE_SIGN_STYLE = Automatic;
				CURRENT_PROJECT_VERSION = 1;
				DEVELOPMENT_TEAM = G2DQSPD97B;
				GENERATE_INFOPLIST_FILE = YES;
				IPHONEOS_DEPLOYMENT_TARGET = 18.2;
				MARKETING_VERSION = 1.0;
				PRODUCT_BUNDLE_IDENTIFIER = "GrinSolve.Tiny-PilotsTests";
				PRODUCT_NAME = "$(TARGET_NAME)";
				SWIFT_EMIT_LOC_STRINGS = NO;
				SWIFT_VERSION = 5.0;
				TARGETED_DEVICE_FAMILY = "1,2";
				TEST_HOST = "$(BUILT_PRODUCTS_DIR)/Tiny Pilots.app/$(BUNDLE_EXECUTABLE_FOLDER_PATH)/Tiny Pilots";
			};
			name = Debug;
		};
		57AC4F542D736CD4000E8475 /* Release */ = {
			isa = XCBuildConfiguration;
			buildSettings = {
				BUNDLE_LOADER = "$(TEST_HOST)";
				CODE_SIGN_STYLE = Automatic;
				CURRENT_PROJECT_VERSION = 1;
				DEVELOPMENT_TEAM = G2DQSPD97B;
				GENERATE_INFOPLIST_FILE = YES;
				IPHONEOS_DEPLOYMENT_TARGET = 18.2;
				MARKETING_VERSION = 1.0;
				PRODUCT_BUNDLE_IDENTIFIER = "GrinSolve.Tiny-PilotsTests";
				PRODUCT_NAME = "$(TARGET_NAME)";
				SWIFT_EMIT_LOC_STRINGS = NO;
				SWIFT_VERSION = 5.0;
				TARGETED_DEVICE_FAMILY = "1,2";
				TEST_HOST = "$(BUILT_PRODUCTS_DIR)/Tiny Pilots.app/$(BUNDLE_EXECUTABLE_FOLDER_PATH)/Tiny Pilots";
			};
			name = Release;
		};
		57AC4F562D736CD4000E8475 /* Debug */ = {
			isa = XCBuildConfiguration;
			buildSettings = {
				CODE_SIGN_STYLE = Automatic;
				CURRENT_PROJECT_VERSION = 1;
				DEVELOPMENT_TEAM = G2DQSPD97B;
				GENERATE_INFOPLIST_FILE = YES;
				MARKETING_VERSION = 1.0;
				PRODUCT_BUNDLE_IDENTIFIER = "GrinSolve.Tiny-PilotsUITests";
				PRODUCT_NAME = "$(TARGET_NAME)";
				SWIFT_EMIT_LOC_STRINGS = NO;
				SWIFT_VERSION = 5.0;
				TARGETED_DEVICE_FAMILY = "1,2";
				TEST_TARGET_NAME = "Tiny Pilots";
			};
			name = Debug;
		};
		57AC4F572D736CD4000E8475 /* Release */ = {
			isa = XCBuildConfiguration;
			buildSettings = {
				CODE_SIGN_STYLE = Automatic;
				CURRENT_PROJECT_VERSION = 1;
				DEVELOPMENT_TEAM = G2DQSPD97B;
				GENERATE_INFOPLIST_FILE = YES;
				MARKETING_VERSION = 1.0;
				PRODUCT_BUNDLE_IDENTIFIER = "GrinSolve.Tiny-PilotsUITests";
				PRODUCT_NAME = "$(TARGET_NAME)";
				SWIFT_EMIT_LOC_STRINGS = NO;
				SWIFT_VERSION = 5.0;
				TARGETED_DEVICE_FAMILY = "1,2";
				TEST_TARGET_NAME = "Tiny Pilots";
			};
			name = Release;
		};
/* End XCBuildConfiguration section */

/* Begin XCConfigurationList section */
		57AC4F1D2D736CD1000E8475 /* Build configuration list for PBXProject "Tiny Pilots" */ = {
			isa = XCConfigurationList;
			buildConfigurations = (
				57AC4F4D2D736CD4000E8475 /* Debug */,
				57AC4F4E2D736CD4000E8475 /* Release */,
			);
			defaultConfigurationIsVisible = 0;
			defaultConfigurationName = Release;
		};
		57AC4F4F2D736CD4000E8475 /* Build configuration list for PBXNativeTarget "Tiny Pilots" */ = {
			isa = XCConfigurationList;
			buildConfigurations = (
				57AC4F502D736CD4000E8475 /* Debug */,
				57AC4F512D736CD4000E8475 /* Release */,
			);
			defaultConfigurationIsVisible = 0;
			defaultConfigurationName = Release;
		};
		57AC4F522D736CD4000E8475 /* Build configuration list for PBXNativeTarget "Tiny PilotsTests" */ = {
			isa = XCConfigurationList;
			buildConfigurations = (
				57AC4F532D736CD4000E8475 /* Debug */,
				57AC4F542D736CD4000E8475 /* Release */,
			);
			defaultConfigurationIsVisible = 0;
			defaultConfigurationName = Release;
		};
		57AC4F552D736CD4000E8475 /* Build configuration list for PBXNativeTarget "Tiny PilotsUITests" */ = {
			isa = XCConfigurationList;
			buildConfigurations = (
				57AC4F562D736CD4000E8475 /* Debug */,
				57AC4F572D736CD4000E8475 /* Release */,
			);
			defaultConfigurationIsVisible = 0;
			defaultConfigurationName = Release;
		};
/* End XCConfigurationList section */
	};
	rootObject = 57AC4F1A2D736CD1000E8475 /* Project object */;
}
